
Microsoft Visual Studio Solution File, Format Version 12.00
Project("{FAE04EC0-301F-11D3-BF4B-00C04F79EFBC}") = "LogCollector", "LogCollector\LogCollector.csproj", "{342CE939-6D0A-4465-A34D-F759303F75CA}"
EndProject
Global
	GlobalSection(SolutionConfigurationPlatforms) = preSolution
		Debug|Any CPU = Debug|Any CPU
		Release|Any CPU = Release|Any CPU
	EndGlobalSection
	GlobalSection(ProjectConfigurationPlatforms) = postSolution
		{342CE939-6D0A-4465-A34D-F759303F75CA}.Debug|Any CPU.ActiveCfg = Debug|Any CPU
		{342CE939-6D0A-4465-A34D-F759303F75CA}.Debug|Any CPU.Build.0 = Debug|Any CPU
		{342CE939-6D0A-4465-A34D-F759303F75CA}.Release|Any CPU.ActiveCfg = Release|Any CPU
		{342CE939-6D0A-4465-A34D-F759303F75CA}.Release|Any CPU.Build.0 = Release|Any CPU
	EndGlobalSection
EndGlobal
